# THIS IS AN AUTOGENERATED FILE. DO NOT EDIT THIS FILE DIRECTLY.
# yarn lockfile v1


"@polka/url@^1.0.0-next.24":
  version "1.0.0-next.29"
  resolved "https://registry.yarnpkg.com/@polka/url/-/url-1.0.0-next.29.tgz#5a40109a1ab5f84d6fd8fc928b19f367cbe7e7b1"
  integrity sha512-wwQAWhWSuHaag8c4q/KN/vCoeOJYshAIvMQwD4GpSb3OiZklFfvAgmj0VCBBImRpuF/aFgIRzllXlVX93Jevww==

"@tinyhttp/accepts@2.3.0", "@tinyhttp/accepts@^2.3.0":
  version "2.3.0"
  resolved "https://registry.yarnpkg.com/@tinyhttp/accepts/-/accepts-2.3.0.tgz#01593d450459d12558ba3cd5502bf79202f13d81"
  integrity sha512-hdKkMGAUqnagpWO1R8rVBYqbu4sWQ2Fo682gkJmO0nl54DPvnzxx81b2WZtV3VwB7EdLfUoasj2BAkyTcyZ5aw==
  dependencies:
    mime "4.1.0"

"@tinyhttp/app@^3.0.1":
  version "3.0.7"
  resolved "https://registry.yarnpkg.com/@tinyhttp/app/-/app-3.0.7.tgz#88f7f512e4849195e657a34eb391e92e24225682"
  integrity sha512-btit/gSWisksJ19crNLct1mwZvX+/AYwh/H1x8SB/VGDmNFkSsdRDZaa54wW1Eq3bM7mCIr7+l7Oh3tAi/C+Bw==
  dependencies:
    "@tinyhttp/accepts" "^2.3.0"
    "@tinyhttp/cookie" "2.1.1"
    "@tinyhttp/proxy-addr" "3.0.1"
    "@tinyhttp/req" "2.2.8"
    "@tinyhttp/res" "2.2.11"
    "@tinyhttp/router" "2.2.5"
    regexparam "^2.0.2"

"@tinyhttp/content-disposition@2.2.4":
  version "2.2.4"
  resolved "https://registry.yarnpkg.com/@tinyhttp/content-disposition/-/content-disposition-2.2.4.tgz#146293e7fffcc68e4286193bbf48b4dd3dfe3794"
  integrity sha512-5Kc5CM2Ysn3vTTArBs2vESUt0AQiWZA86yc1TI3B+lxXmtEq133C1nxXNOgnzhrivdPZIh3zLj5gDnZjoLL5GA==

"@tinyhttp/content-type@^0.1.4":
  version "0.1.4"
  resolved "https://registry.yarnpkg.com/@tinyhttp/content-type/-/content-type-0.1.4.tgz#112bce3b564213e0ed43fa76fccca4237be3a634"
  integrity sha512-dl6f3SHIJPYbhsW1oXdrqOmLSQF/Ctlv3JnNfXAE22kIP7FosqJHxkz/qj2gv465prG8ODKH5KEyhBkvwrueKQ==

"@tinyhttp/cookie-signature@2.1.1":
  version "2.1.1"
  resolved "https://registry.yarnpkg.com/@tinyhttp/cookie-signature/-/cookie-signature-2.1.1.tgz#ae2caad6aec4ec51d42e7d852ae34a04196d5138"
  integrity sha512-VDsSMY5OJfQJIAtUgeQYhqMPSZptehFSfvEEtxr+4nldPA8IImlp3QVcOVuK985g4AFR4Hl1sCbWCXoqBnVWnw==

"@tinyhttp/cookie@2.1.1":
  version "2.1.1"
  resolved "https://registry.yarnpkg.com/@tinyhttp/cookie/-/cookie-2.1.1.tgz#50ad664f732357a466a14cdc888e88e80dc3440e"
  integrity sha512-h/kL9jY0e0Dvad+/QU3efKZww0aTvZJslaHj3JTPmIPC9Oan9+kYqmh3M6L5JUQRuTJYFK2nzgL2iJtH2S+6dA==

"@tinyhttp/cors@^2.0.1":
  version "2.0.1"
  resolved "https://registry.yarnpkg.com/@tinyhttp/cors/-/cors-2.0.1.tgz#7f5ff7bd47b8e48172d8e43818b8d61eaa84037b"
  integrity sha512-qrmo6WJuaiCzKWagv2yA/kw6hIISfF/hOqPWwmI6w0o8apeTMmRN3DoCFvQ/wNVuWVdU5J4KU7OX8aaSOEq51A==
  dependencies:
    "@tinyhttp/vary" "^0.1.3"

"@tinyhttp/encode-url@2.1.1":
  version "2.1.1"
  resolved "https://registry.yarnpkg.com/@tinyhttp/encode-url/-/encode-url-2.1.1.tgz#a52bdbd75f541455190d1a16b0a81374c8dc587d"
  integrity sha512-AhY+JqdZ56qV77tzrBm0qThXORbsVjs/IOPgGCS7x/wWnsa/Bx30zDUU/jPAUcSzNOzt860x9fhdGpzdqbUeUw==

"@tinyhttp/etag@2.1.2":
  version "2.1.2"
  resolved "https://registry.yarnpkg.com/@tinyhttp/etag/-/etag-2.1.2.tgz#34fc91933bd1acce3cda3a64e5352ce5514abe4e"
  integrity sha512-j80fPKimGqdmMh6962y+BtQsnYPVCzZfJw0HXjyH70VaJBHLKGF+iYhcKqzI3yef6QBNa8DKIPsbEYpuwApXTw==

"@tinyhttp/forwarded@2.1.2":
  version "2.1.2"
  resolved "https://registry.yarnpkg.com/@tinyhttp/forwarded/-/forwarded-2.1.2.tgz#24762f8d422e62553b101f19a2c1c68147ca10fd"
  integrity sha512-9H/eulJ68ElY/+zYpTpNhZ7vxGV+cnwaR6+oQSm7bVgZMyuQfgROW/qvZuhmgDTIxnGMXst+Ba4ij6w6Krcs3w==

"@tinyhttp/logger@^2.1.0":
  version "2.1.0"
  resolved "https://registry.yarnpkg.com/@tinyhttp/logger/-/logger-2.1.0.tgz#c6241a59674eddda16b5350b7e6a341a29643bc0"
  integrity sha512-Ma1fJ9CwUbn9r61/4HW6+nflsVoslpOnCrfQ6UeZq7GGIgwLzofms3HoSVG7M+AyRMJpxlfcDdbH5oFVroDMKA==
  dependencies:
    colorette "^2.0.20"
    dayjs "^1.11.13"
    http-status-emojis "^2.2.0"

"@tinyhttp/proxy-addr@3.0.1":
  version "3.0.1"
  resolved "https://registry.yarnpkg.com/@tinyhttp/proxy-addr/-/proxy-addr-3.0.1.tgz#e47725c3b29ed64fd4e791c2a04055f1c803db8a"
  integrity sha512-vP0JVsy9ZMIldsaP/QHdMF+sb3B6wn7e2QXRdqpX/Cqz1ie35Am29DK88DeVmiwdTQle3FtYaVNtU3RgTGYZ+w==
  dependencies:
    "@tinyhttp/forwarded" "2.1.2"

"@tinyhttp/req@2.2.8":
  version "2.2.8"
  resolved "https://registry.yarnpkg.com/@tinyhttp/req/-/req-2.2.8.tgz#175b0f4dca000304c540a49c0105592cfe3ecfb6"
  integrity sha512-HCsceFNgMpssUsnRao16iJyyfdWRwKlhL7OMTPUEjZsZGREnBzpjlrPHA31G5xNNzR7XOWVXDXGyrGgSpcwGSA==
  dependencies:
    "@tinyhttp/accepts" "2.3.0"
    "@tinyhttp/type-is" "2.2.5"
    "@tinyhttp/url" "2.1.1"
    header-range-parser "^1.1.3"

"@tinyhttp/res@2.2.11":
  version "2.2.11"
  resolved "https://registry.yarnpkg.com/@tinyhttp/res/-/res-2.2.11.tgz#590b3f5bedb993c002cb0d0a660cc5ea0a915531"
  integrity sha512-t7GJzjqpG2svJ11RYvqaYU+xTV9MsEr0usbTIAWa5B8d7IIzpMC6AlT2K6wCIu1XGUYRpZY7qMM5cMgluvsfeg==
  dependencies:
    "@tinyhttp/content-disposition" "2.2.4"
    "@tinyhttp/cookie" "2.1.1"
    "@tinyhttp/cookie-signature" "2.1.1"
    "@tinyhttp/encode-url" "2.1.1"
    "@tinyhttp/req" "2.2.8"
    "@tinyhttp/send" "2.2.5"
    "@tinyhttp/vary" "^0.1.3"
    mime "4.1.0"

"@tinyhttp/router@2.2.5":
  version "2.2.5"
  resolved "https://registry.yarnpkg.com/@tinyhttp/router/-/router-2.2.5.tgz#09a5daedc17f8f58ac91f1c9d9ec7aaf5407206a"
  integrity sha512-HI9Mpo9+IVpCzx/36okjJvtvifBSh3Ufhl9n1vylAbNLEykceJiMBkr06+W0qqRlo8TiZeUtg2XinEJu+GFcRA==
  dependencies:
    regexparam "^2.0.2"

"@tinyhttp/send@2.2.5":
  version "2.2.5"
  resolved "https://registry.yarnpkg.com/@tinyhttp/send/-/send-2.2.5.tgz#ac86be664bc7fc6283039dbdb58983b3fd291ab8"
  integrity sha512-XhBwziPOCydOJzb9rVw0xuKX6HmMA0gXKHHqec7V97jU6JtSCCIvwW2FBMh/XrG9S5W8DRETroPohASrIwf7Uw==
  dependencies:
    "@tinyhttp/content-type" "^0.1.4"
    "@tinyhttp/etag" "2.1.2"
    mime "4.1.0"

"@tinyhttp/type-is@2.2.5":
  version "2.2.5"
  resolved "https://registry.yarnpkg.com/@tinyhttp/type-is/-/type-is-2.2.5.tgz#51bc89cf83c8526e940913df49bef432009024d8"
  integrity sha512-BCPEB+NV8v/9lzEE9GbfRPAKVsyayp84m6SSWn70j8yFkPBXeuVeq004pwVrjW1CRdmAZz9ZSH147pqqzAdr5g==
  dependencies:
    "@tinyhttp/content-type" "^0.1.4"
    mime "4.1.0"

"@tinyhttp/url@2.1.1":
  version "2.1.1"
  resolved "https://registry.yarnpkg.com/@tinyhttp/url/-/url-2.1.1.tgz#77fa8963f5b698bacbdc6912407f946d32c793e1"
  integrity sha512-POJeq2GQ5jI7Zrdmj22JqOijB5/GeX+LEX7DUdml1hUnGbJOTWDx7zf2b5cCERj7RoXL67zTgyzVblBJC+NJWg==

"@tinyhttp/vary@^0.1.3":
  version "0.1.3"
  resolved "https://registry.yarnpkg.com/@tinyhttp/vary/-/vary-0.1.3.tgz#f5bea4769f380c43a158832a8daad8e8b186757c"
  integrity sha512-SoL83sQXAGiHN1jm2VwLUWQSQeDAAl1ywOm6T0b0Cg1CZhVsjoiZadmjhxF6FHCCY7OHHVaLnTgSMxTPIDLxMg==

chalk@^5.6.2:
  version "5.6.2"
  resolved "https://registry.yarnpkg.com/chalk/-/chalk-5.6.2.tgz#b1238b6e23ea337af71c7f8a295db5af0c158aea"
  integrity sha512-7NzBL0rN6fMUW+f7A6Io4h40qQlG+xGmtMxfbnH/K7TAtt8JQWVQK+6g0UXKMeVJoyV5EkkNsErQ8pVD3bLHbA==

chokidar@^5.0.0:
  version "5.0.0"
  resolved "https://registry.yarnpkg.com/chokidar/-/chokidar-5.0.0.tgz#949c126a9238a80792be9a0265934f098af369a5"
  integrity sha512-TQMmc3w+5AxjpL8iIiwebF73dRDF4fBIieAqGn9RGCWaEVwQ6Fb2cGe31Yns0RRIzii5goJ1Y7xbMwo1TxMplw==
  dependencies:
    readdirp "^5.0.0"

colorette@^2.0.20:
  version "2.0.20"
  resolved "https://registry.yarnpkg.com/colorette/-/colorette-2.0.20.tgz#9eb793e6833067f7235902fcd3b09917a000a95a"
  integrity sha512-IfEDxwoWIjkeXL1eXcDiow4UbKjhLdq6/EuSVR9GMN7KVH3r9gQ83e73hsz1Nd1T3ijd5xv1wcWRYO+D6kCI2w==

dayjs@^1.11.13:
  version "1.11.21"
  resolved "https://registry.yarnpkg.com/dayjs/-/dayjs-1.11.21.tgz#57f87562e62de76f3c704bd2b8d522fc33068eb2"
  integrity sha512-98IT+HOahAisibz/yjKbzuOBwYcjJ7BCLPzARyHiyEBmRz4fatF+KPJszEHXsGYjUG234aH/cOjW1wwTbKUZlA==

dot-prop@^10.1.0:
  version "10.1.0"
  resolved "https://registry.yarnpkg.com/dot-prop/-/dot-prop-10.1.0.tgz#91dbeb6771a9d2c31eab11ade3fdb1d83c4376c4"
  integrity sha512-MVUtAugQMOff5RnBy2d9N31iG0lNwg1qAoAOn7pOK5wf94WIaE3My2p3uwTQuvS2AcqchkcR3bHByjaM0mmi7Q==
  dependencies:
    type-fest "^5.0.0"

eta@^4.5.0:
  version "4.6.0"
  resolved "https://registry.yarnpkg.com/eta/-/eta-4.6.0.tgz#9bf9adb6d5833f3359c7ead1d57109e6064b9430"
  integrity sha512-lW6is4T1NFOYnmqGZIfvixqj7A7sSvScF+DN8EK6K58xI5MZ5UvYe0GjopxOXQtZvUn4eDdVuZ8XSoYWTMEKwA==

header-range-parser@^1.1.3:
  version "1.1.5"
  resolved "https://registry.yarnpkg.com/header-range-parser/-/header-range-parser-1.1.5.tgz#b0ce95f7a2ca8ab5e99c921d54f1763733751a9e"
  integrity sha512-n5JOx67HBL0MGqtu6NFoEYWb+xDYAOgBI5dBkyMDff1xHbhGnjCMglj1aiMNPHps6HwXO+2i5jbPU/zJSk7etQ==

http-status-emojis@^2.2.0:
  version "2.2.0"
  resolved "https://registry.yarnpkg.com/http-status-emojis/-/http-status-emojis-2.2.0.tgz#2cf3316f0c1610c4fc94c6fccdada35aa70f992a"
  integrity sha512-ompKtgwpx8ff0hsbpIB7oE4ax1LXoHmftsHHStMELX56ivG3GhofTX8ZHWlUaFKfGjcGjw6G3rPk7dJRXMmbbg==

inflection@^3.0.2:
  version "3.0.2"
  resolved "https://registry.yarnpkg.com/inflection/-/inflection-3.0.2.tgz#2f591c3dad053e3fac65a03bf6431b675d829601"
  integrity sha512-+Bg3+kg+J6JUWn8J6bzFmOWkTQ6L/NHfDRSYU+EVvuKHDxUDHAXgqixHfVlzuBQaPOTac8hn43aPhMNk6rMe3g==

json-server@^1.0.0-beta.3:
  version "1.0.0-beta.15"
  resolved "https://registry.yarnpkg.com/json-server/-/json-server-1.0.0-beta.15.tgz#f0dce01ce983ba2b91946b2c59a5ca347d50cd49"
  integrity sha512-I5UB/OWHLGoQW9IVld2yzZFYYiGYNBn2OYRlGbkfj5xDidT26yKYkV7Sr093zJtPh9zbofaLgyT89Ov5U0RRBQ==
  dependencies:
    "@tinyhttp/app" "^3.0.1"
    "@tinyhttp/cors" "^2.0.1"
    "@tinyhttp/logger" "^2.1.0"
    chalk "^5.6.2"
    chokidar "^5.0.0"
    dot-prop "^10.1.0"
    eta "^4.5.0"
    inflection "^3.0.2"
    json5 "^2.2.3"
    lowdb "^7.0.1"
    milliparsec "^5.1.0"
    sirv "^3.0.2"
    sort-on "^7.0.0"

json5@^2.2.3:
  version "2.2.3"
  resolved "https://registry.yarnpkg.com/json5/-/json5-2.2.3.tgz#78cd6f1a19bdc12b73db5ad0c61efd66c1e29283"
  integrity sha512-XmOWe7eyHYH14cLdVPoyg+GOH3rYX++KpzrylJwSW98t3Nk+U8XOl8FWKOgwtzdb8lXGf6zYwDUzeHMWfxasyg==

lowdb@^7.0.1:
  version "7.0.1"
  resolved "https://registry.yarnpkg.com/lowdb/-/lowdb-7.0.1.tgz#7354a684547d76206b1c730b9434604235b125e5"
  integrity sha512-neJAj8GwF0e8EpycYIDFqEPcx9Qz4GUho20jWFR7YiFeXzF1YMLdxB36PypcTSPMA+4+LvgyMacYhlr18Zlymw==
  dependencies:
    steno "^4.0.2"

milliparsec@^5.1.0:
  version "5.1.1"
  resolved "https://registry.yarnpkg.com/milliparsec/-/milliparsec-5.1.1.tgz#0a8c50bec6b7deb38e7e482cb8c55dd442d7a2ec"
  integrity sha512-jkEDaSWZp4/Q3vprqdqukBqUEyNNqC1pwTjZ5cp9YkaR1wv5fvTCd8VFsecbw7i8DNBGjzhJ83MDoPZlcTaPQg==

mime@4.1.0:
  version "4.1.0"
  resolved "https://registry.yarnpkg.com/mime/-/mime-4.1.0.tgz#ec55df7aa21832a36d44f0bbee5c04639b27802f"
  integrity sha512-X5ju04+cAzsojXKes0B/S4tcYtFAJ6tTMuSPBEn9CPGlrWr8Fiw7qYeLT0XyH80HSoAoqWCaz+MWKh22P7G1cw==

mrmime@^2.0.0:
  version "2.0.1"
  resolved "https://registry.yarnpkg.com/mrmime/-/mrmime-2.0.1.tgz#bc3e87f7987853a54c9850eeb1f1078cd44adddc"
  integrity sha512-Y3wQdFg2Va6etvQ5I82yUhGdsKrcYox6p7FfL1LbK2J4V01F9TGlepTIhnK24t7koZibmg82KGglhA1XK5IsLQ==

readdirp@^5.0.0:
  version "5.0.0"
  resolved "https://registry.yarnpkg.com/readdirp/-/readdirp-5.0.0.tgz#fbf1f71a727891d685bb1786f9ba74084f6e2f91"
  integrity sha512-9u/XQ1pvrQtYyMpZe7DXKv2p5CNvyVwzUB6uhLAnQwHMSgKMBR62lc7AHljaeteeHXn11XTAaLLUVZYVZyuRBQ==

regexparam@^2.0.2:
  version "2.0.2"
  resolved "https://registry.yarnpkg.com/regexparam/-/regexparam-2.0.2.tgz#a0f6aa057c67b1c9c09508c45823c0755b1f6e58"
  integrity sha512-A1PeDEYMrkLrfyOwv2jwihXbo9qxdGD3atBYQA9JJgreAx8/7rC6IUkWOw2NQlOxLp2wL0ifQbh1HuidDfYA6w==

sirv@^3.0.2:
  version "3.0.2"
  resolved "https://registry.yarnpkg.com/sirv/-/sirv-3.0.2.tgz#f775fccf10e22a40832684848d636346f41cd970"
  integrity sha512-2wcC/oGxHis/BoHkkPwldgiPSYcpZK3JU28WoMVv55yHJgcZ8rlXvuG9iZggz+sU1d4bRgIGASwyWqjxu3FM0g==
  dependencies:
    "@polka/url" "^1.0.0-next.24"
    mrmime "^2.0.0"
    totalist "^3.0.0"

sort-on@^7.0.0:
  version "7.0.0"
  resolved "https://registry.yarnpkg.com/sort-on/-/sort-on-7.0.0.tgz#408e461ac1bad8a8827fba25e1ed56551589e252"
  integrity sha512-e+4RRxt7jsWdGPp4H5PKOER/ELYlemNB1plvW686Qi3j4WVaCjCpro2zaTD7Cn0VtBImq/hg3x1JfovMNXXfJQ==
  dependencies:
    dot-prop "^10.1.0"

steno@^4.0.2:
  version "4.0.2"
  resolved "https://registry.yarnpkg.com/steno/-/steno-4.0.2.tgz#9bd9b0ffc226a1f9436f29132c8b8e7199d22c50"
  integrity sha512-yhPIQXjrlt1xv7dyPQg2P17URmXbuM5pdGkpiMB3RenprfiBlvK415Lctfe0eshk90oA7/tNq7WEiMK8RSP39A==

tagged-tag@^1.0.0:
  version "1.0.0"
  resolved "https://registry.yarnpkg.com/tagged-tag/-/tagged-tag-1.0.0.tgz#a0b5917c2864cba54841495abfa3f6b13edcf4d6"
  integrity sha512-yEFYrVhod+hdNyx7g5Bnkkb0G6si8HJurOoOEgC8B/O0uXLHlaey/65KRv6cuWBNhBgHKAROVpc7QyYqE5gFng==

totalist@^3.0.0:
  version "3.0.1"
  resolved "https://registry.yarnpkg.com/totalist/-/totalist-3.0.1.tgz#ba3a3d600c915b1a97872348f79c127475f6acf8"
  integrity sha512-sf4i37nQ2LBx4m3wB74y+ubopq6W/dIzXg0FDGjsYnZHVa1Da8FH853wlL2gtUhg+xJXjfk3kUZS3BRoQeoQBQ==

type-fest@^5.0.0:
  version "5.7.0"
  resolved "https://registry.yarnpkg.com/type-fest/-/type-fest-5.7.0.tgz#bae586d3b7c2596bd9c7e62195f33c7fcada1c91"
  integrity sha512-1URUxUqfHFM1c+zfSPsa3gnkO7Aq21qyH75SIduNYz4SzY964rn1X2vCMQaHSHhktiw+0kPa2iyb6PUpXqB6Vg==
  dependencies:
    tagged-tag "^1.0.0"
